
Microsoft Visual Studio Solution File, Format Version 12.00
Project("{FAE04EC0-301F-11D3-BF4B-00C04F79EFBC}") = "Trans", "Trans.csproj", "{EB42E0B5-8666-484B-9B8F-DAC4C5B5A7F6}"
EndProject
Global
	GlobalSection(SolutionConfigurationPlatforms) = preSolution
		Debug|Any CPU = Debug|Any CPU
		Release|Any CPU = Release|Any CPU
	EndGlobalSection
	GlobalSection(ProjectConfigurationPlatforms) = postSolution
		{EB42E0B5-8666-484B-9B8F-DAC4C5B5A7F6}.Debug|Any CPU.ActiveCfg = Debug|Any CPU
		{EB42E0B5-8666-484B-9B8F-DAC4C5B5A7F6}.Debug|Any CPU.Build.0 = Debug|Any CPU
		{EB42E0B5-8666-484B-9B8F-DAC4C5B5A7F6}.Release|Any CPU.ActiveCfg = Release|Any CPU
		{EB42E0B5-8666-484B-9B8F-DAC4C5B5A7F6}.Release|Any CPU.Build.0 = Release|Any CPU
	EndGlobalSection
EndGlobal
